
Microsoft Visual Studio Solution File, Format Version 12.00
# Visual Studio Version 17
VisualStudioVersion = 17.13.35919.96
MinimumVisualStudioVersion = 10.0.40219.1
Project("{FAE04EC0-301F-11D3-BF4B-00C04F79EFBC}") = "BlazorApp2", "BlazorApp2\BlazorApp2.csproj", "{2B357A32-E566-4E20-8BA6-0DE2DCBBBB08}"
EndProject
Project("{FAE04EC0-301F-11D3-BF4B-00C04F79EFBC}") = "SqlAzureWriter1", "SqlAzureWriter1\SqlAzureWriter1.csproj", "{D2307785-5042-4C92-AADF-735812EFD531}"
EndProject
Project("{FAE04EC0-301F-11D3-BF4B-00C04F79EFBC}") = "SqlAzureWriter2", "SqlAzureWriter2\SqlAzureWriter2.csproj", "{0D85AFA0-3034-481A-A6B2-F7AD3A95137B}"
EndProject
Global
	GlobalSection(SolutionConfigurationPlatforms) = preSolution
		Debug|Any CPU = Debug|Any CPU
		Release|Any CPU = Release|Any CPU
	EndGlobalSection
	GlobalSection(ProjectConfigurationPlatforms) = postSolution
		{2B357A32-E566-4E20-8BA6-0DE2DCBBBB08}.Debug|Any CPU.ActiveCfg = Debug|Any CPU
		{2B357A32-E566-4E20-8BA6-0DE2DCBBBB08}.Debug|Any CPU.Build.0 = Debug|Any CPU
		{2B357A32-E566-4E20-8BA6-0DE2DCBBBB08}.Release|Any CPU.ActiveCfg = Release|Any CPU
		{2B357A32-E566-4E20-8BA6-0DE2DCBBBB08}.Release|Any CPU.Build.0 = Release|Any CPU
		{D2307785-5042-4C92-AADF-735812EFD531}.Debug|Any CPU.ActiveCfg = Debug|Any CPU
		{D2307785-5042-4C92-AADF-735812EFD531}.Debug|Any CPU.Build.0 = Debug|Any CPU
		{D2307785-5042-4C92-AADF-735812EFD531}.Release|Any CPU.ActiveCfg = Release|Any CPU
		{D2307785-5042-4C92-AADF-735812EFD531}.Release|Any CPU.Build.0 = Release|Any CPU
		{0D85AFA0-3034-481A-A6B2-F7AD3A95137B}.Debug|Any CPU.ActiveCfg = Debug|Any CPU
		{0D85AFA0-3034-481A-A6B2-F7AD3A95137B}.Debug|Any CPU.Build.0 = Debug|Any CPU
		{0D85AFA0-3034-481A-A6B2-F7AD3A95137B}.Release|Any CPU.ActiveCfg = Release|Any CPU
		{0D85AFA0-3034-481A-A6B2-F7AD3A95137B}.Release|Any CPU.Build.0 = Release|Any CPU
	EndGlobalSection
	GlobalSection(SolutionProperties) = preSolution
		HideSolutionNode = FALSE
	EndGlobalSection
	GlobalSection(ExtensibilityGlobals) = postSolution
		SolutionGuid = {138A3B33-5539-47FB-BB0A-84CE0934403D}
	EndGlobalSection
EndGlobal
